// !$*UTF8*$!
{
	archiveVersion = 1;
	classes = {
	};
	objectVersion = 46;
	objects = {

/* Begin PBXBuildFile section */
		A2D2F5BB1A3C505F00AD7B5E /* main.m in Sources */ = {isa = PBXBuildFile; fileRef = A2D2F5BA1A3C505F00AD7B5E /* main.m */; };
		A2D2F5BE1A3C505F00AD7B5E /* AppDelegate.m in Sources */ = {isa = PBXBuildFile; fileRef = A2D2F5BD1A3C505F00AD7B5E /* AppDelegate.m */; };
		A2D2F5C11A3C505F00AD7B5E /* EarthquakeMonitor.xcdatamodeld in Sources */ = {isa = PBXBuildFile; fileRef = A2D2F5BF1A3C505F00AD7B5E /* EarthquakeMonitor.xcdatamodeld */; };
		A2D2F5C41A3C505F00AD7B5E /* MasterViewController.m in Sources */ = {isa = PBXBuildFile; fileRef = A2D2F5C31A3C505F00AD7B5E /* MasterViewController.m */; };
		A2D2F5C71A3C505F00AD7B5E /* DetailViewController.m in Sources */ = {isa = PBXBuildFile; fileRef = A2D2F5C61A3C505F00AD7B5E /* DetailViewController.m */; };
		A2D2F5CA1A3C505F00AD7B5E /* Main.storyboard in Resources */ = {isa = PBXBuildFile; fileRef = A2D2F5C81A3C505F00AD7B5E /* Main.storyboard */; };
		A2D2F5CC1A3C505F00AD7B5E /* Images.xcassets in Resources */ = {isa = PBXBuildFile; fileRef = A2D2F5CB1A3C505F00AD7B5E /* Images.xcassets */; };
		A2D2F5CF1A3C505F00AD7B5E /* LaunchScreen.xib in Resources */ = {isa = PBXBuildFile; fileRef = A2D2F5CD1A3C505F00AD7B5E /* LaunchScreen.xib */; };
		A2D2F5DB1A3C505F00AD7B5E /* EarthquakeMonitorTests.m in Sources */ = {isa = PBXBuildFile; fileRef = A2D2F5DA1A3C505F00AD7B5E /* EarthquakeMonitorTests.m */; };
/* End PBXBuildFile section */

/* Begin PBXContainerItemProxy section */
		A2D2F5D51A3C505F00AD7B5E /* PBXContainerItemProxy */ = {
			isa = PBXContainerItemProxy;
			containerPortal = A2D2F5AD1A3C505E00AD7B5E /* Project object */;
			proxyType = 1;
			remoteGlobalIDString = A2D2F5B41A3C505F00AD7B5E;
			remoteInfo = EarthquakeMonitor;
		};
/* End PBXContainerItemProxy section */

/* Begin PBXFileReference section */
		A2D2F5B51A3C505F00AD7B5E /* EarthquakeMonitor.app */ = {isa = PBXFileReference; explicitFileType = wrapper.application; includeInIndex = 0; path = EarthquakeMonitor.app; sourceTree = BUILT_PRODUCTS_DIR; };
		A2D2F5B91A3C505F00AD7B5E /* Info.plist */ = {isa = PBXFileReference; lastKnownFileType = text.plist.xml; path = Info.plist; sourceTree = "<group>"; };
		A2D2F5BA1A3C505F00AD7B5E /* main.m */ = {isa = PBXFileReference; lastKnownFileType = sourcecode.c.objc; path = main.m; sourceTree = "<group>"; };
		A2D2F5BC1A3C505F00AD7B5E /* AppDelegate.h */ = {isa = PBXFileReference; lastKnownFileType = sourcecode.c.h; path = AppDelegate.h; sourceTree = "<group>"; };
		A2D2F5BD1A3C505F00AD7B5E /* AppDelegate.m */ = {isa = PBXFileReference; lastKnownFileType = sourcecode.c.objc; path = AppDelegate.m; sourceTree = "<group>"; };
		A2D2F5C01A3C505F00AD7B5E /* EarthquakeMonitor.xcdatamodel */ = {isa = PBXFileReference; lastKnownFileType = wrapper.xcdatamodel; path = EarthquakeMonitor.xcdatamodel; sourceTree = "<group>"; };
		A2D2F5C21A3C505F00AD7B5E /* MasterViewController.h */ = {isa = PBXFileReference; lastKnownFileType = sourcecode.c.h; path = MasterViewController.h; sourceTree = "<group>"; };
		A2D2F5C31A3C505F00AD7B5E /* MasterViewController.m */ = {isa = PBXFileReference; lastKnownFileType = sourcecode.c.objc; path = MasterViewController.m; sourceTree = "<group>"; };
		A2D2F5C51A3C505F00AD7B5E /* DetailViewController.h */ = {isa = PBXFileReference; lastKnownFileType = sourcecode.c.h; path = DetailViewController.h; sourceTree = "<group>"; };
		A2D2F5C61A3C505F00AD7B5E /* DetailViewController.m */ = {isa = PBXFileReference; lastKnownFileType = sourcecode.c.objc; path = DetailViewController.m; sourceTree = "<group>"; };
		A2D2F5C91A3C505F00AD7B5E /* Base */ = {isa = PBXFileReference; lastKnownFileType = file.storyboard; name = Base; path = Base.lproj/Main.storyboard; sourceTree = "<group>"; };
		A2D2F5CB1A3C505F00AD7B5E /* Images.xcassets */ = {isa = PBXFileReference; lastKnownFileType = folder.assetcatalog; path = Images.xcassets; sourceTree = "<group>"; };
		A2D2F5CE1A3C505F00AD7B5E /* Base */ = {isa = PBXFileReference; lastKnownFileType = file.xib; name = Base; path = Base.lproj/LaunchScreen.xib; sourceTree = "<group>"; };
		A2D2F5D41A3C505F00AD7B5E /* EarthquakeMonitorTests.xctest */ = {isa = PBXFileReference; explicitFileType = wrapper.cfbundle; includeInIndex = 0; path = EarthquakeMonitorTests.xctest; sourceTree = BUILT_PRODUCTS_DIR; };
		A2D2F5D91A3C505F00AD7B5E /* Info.plist */ = {isa = PBXFileReference; lastKnownFileType = text.plist.xml; path = Info.plist; sourceTree = "<group>"; };
		A2D2F5DA1A3C505F00AD7B5E /* EarthquakeMonitorTests.m */ = {isa = PBXFileReference; lastKnownFileType = sourcecode.c.objc; path = EarthquakeMonitorTests.m; sourceTree = "<group>"; };
/* End PBXFileReference section */

/* Begin PBXFrameworksBuildPhase section */
		A2D2F5B21A3C505F00AD7B5E /* Frameworks */ = {
			isa = PBXFrameworksBuildPhase;
			buildActionMask = 2147483647;
			files = (
			);
			runOnlyForDeploymentPostprocessing = 0;
		};
		A2D2F5D11A3C505F00AD7B5E /* Frameworks */ = {
			isa = PBXFrameworksBuildPhase;
			buildActionMask = 2147483647;
			files = (
			);
			runOnlyForDeploymentPostprocessing = 0;
		};
/* End PBXFrameworksBuildPhase section */

/* Begin PBXGroup section */
		A2D2F5AC1A3C505E00AD7B5E = {
			isa = PBXGroup;
			children = (
				A2D2F5B71A3C505F00AD7B5E /* EarthquakeMonitor */,
				A2D2F5D71A3C505F00AD7B5E /* EarthquakeMonitorTests */,
				A2D2F5B61A3C505F00AD7B5E /* Products */,
			);
			sourceTree = "<group>";
		};
		A2D2F5B61A3C505F00AD7B5E /* Products */ = {
			isa = PBXGroup;
			children = (
				A2D2F5B51A3C505F00AD7B5E /* EarthquakeMonitor.app */,
				A2D2F5D41A3C505F00AD7B5E /* EarthquakeMonitorTests.xctest */,
			);
			name = Products;
			sourceTree = "<group>";
		};
		A2D2F5B71A3C505F00AD7B5E /* EarthquakeMonitor */ = {
			isa = PBXGroup;
			children = (
				A2D2F5BC1A3C505F00AD7B5E /* AppDelegate.h */,
				A2D2F5BD1A3C505F00AD7B5E /* AppDelegate.m */,
				A2D2F5C21A3C505F00AD7B5E /* MasterViewController.h */,
				A2D2F5C31A3C505F00AD7B5E /* MasterViewController.m */,
				A2D2F5C51A3C505F00AD7B5E /* DetailViewController.h */,
				A2D2F5C61A3C505F00AD7B5E /* DetailViewController.m */,
				A2D2F5C81A3C505F00AD7B5E /* Main.storyboard */,
				A2D2F5CB1A3C505F00AD7B5E /* Images.xcassets */,
				A2D2F5CD1A3C505F00AD7B5E /* LaunchScreen.xib */,
				A2D2F5BF1A3C505F00AD7B5E /* EarthquakeMonitor.xcdatamodeld */,
				A2D2F5B81A3C505F00AD7B5E /* Supporting Files */,
			);
			path = EarthquakeMonitor;
			sourceTree = "<group>";
		};
		A2D2F5B81A3C505F00AD7B5E /* Supporting Files */ = {
			isa = PBXGroup;
			children = (
				A2D2F5B91A3C505F00AD7B5E /* Info.plist */,
				A2D2F5BA1A3C505F00AD7B5E /* main.m */,
			);
			name = "Supporting Files";
			sourceTree = "<group>";
		};
		A2D2F5D71A3C505F00AD7B5E /* EarthquakeMonitorTests */ = {
			isa = PBXGroup;
			children = (
				A2D2F5DA1A3C505F00AD7B5E /* EarthquakeMonitorTests.m */,
				A2D2F5D81A3C505F00AD7B5E /* Supporting Files */,
			);
			path = EarthquakeMonitorTests;
			sourceTree = "<group>";
		};
		A2D2F5D81A3C505F00AD7B5E /* Supporting Files */ = {
			isa = PBXGroup;
			children = (
				A2D2F5D91A3C505F00AD7B5E /* Info.plist */,
			);
			name = "Supporting Files";
			sourceTree = "<group>";
		};
/* End PBXGroup section */

/* Begin PBXNativeTarget section */
		A2D2F5B41A3C505F00AD7B5E /* EarthquakeMonitor */ = {
			isa = PBXNativeTarget;
			buildConfigurationList = A2D2F5DE1A3C505F00AD7B5E /* Build configuration list for PBXNativeTarget "EarthquakeMonitor" */;
			buildPhases = (
				A2D2F5B11A3C505F00AD7B5E /* Sources */,
				A2D2F5B21A3C505F00AD7B5E /* Frameworks */,
				A2D2F5B31A3C505F00AD7B5E /* Resources */,
			);
			buildRules = (
			);
			dependencies = (
			);
			name = EarthquakeMonitor;
			productName = EarthquakeMonitor;
			productReference = A2D2F5B51A3C505F00AD7B5E /* EarthquakeMonitor.app */;
			productType = "com.apple.product-type.application";
		};
		A2D2F5D31A3C505F00AD7B5E /* EarthquakeMonitorTests */ = {
			isa = PBXNativeTarget;
			buildConfigurationList = A2D2F5E11A3C505F00AD7B5E /* Build configuration list for PBXNativeTarget "EarthquakeMonitorTests" */;
			buildPhases = (
				A2D2F5D01A3C505F00AD7B5E /* Sources */,
				A2D2F5D11A3C505F00AD7B5E /* Frameworks */,
				A2D2F5D21A3C505F00AD7B5E /* Resources */,
			);
			buildRules = (
			);
			dependencies = (
				A2D2F5D61A3C505F00AD7B5E /* PBXTargetDependency */,
			);
			name = EarthquakeMonitorTests;
			productName = EarthquakeMonitorTests;
			productReference = A2D2F5D41A3C505F00AD7B5E /* EarthquakeMonitorTests.xctest */;
			productType = "com.apple.product-type.bundle.unit-test";
		};
/* End PBXNativeTarget section */

/* Begin PBXProject section */
		A2D2F5AD1A3C505E00AD7B5E /* Project object */ = {
			isa = PBXProject;
			attributes = {
				LastUpgradeCheck = 0610;
				ORGANIZATIONNAME = "osama mourad";
				TargetAttributes = {
					A2D2F5B41A3C505F00AD7B5E = {
						CreatedOnToolsVersion = 6.1;
					};
					A2D2F5D31A3C505F00AD7B5E = {
						CreatedOnToolsVersion = 6.1;
						TestTargetID = A2D2F5B41A3C505F00AD7B5E;
					};
				};
			};
			buildConfigurationList = A2D2F5B01A3C505E00AD7B5E /* Build configuration list for PBXProject "EarthquakeMonitor" */;
			compatibilityVersion = "Xcode 3.2";
			developmentRegion = English;
			hasScannedForEncodings = 0;
			knownRegions = (
				en,
				Base,
			);
			mainGroup = A2D2F5AC1A3C505E00AD7B5E;
			productRefGroup = A2D2F5B61A3C505F00AD7B5E /* Products */;
			projectDirPath = "";
			projectRoot = "";
			targets = (
				A2D2F5B41A3C505F00AD7B5E /* EarthquakeMonitor */,
				A2D2F5D31A3C505F00AD7B5E /* EarthquakeMonitorTests */,
			);
		};
/* End PBXProject section */

/* Begin PBXResourcesBuildPhase section */
		A2D2F5B31A3C505F00AD7B5E /* Resources */ = {
			isa = PBXResourcesBuildPhase;
			buildActionMask = 2147483647;
			files = (
				A2D2F5CA1A3C505F00AD7B5E /* Main.storyboard in Resources */,
				A2D2F5CF1A3C505F00AD7B5E /* LaunchScreen.xib in Resources */,
				A2D2F5CC1A3C505F00AD7B5E /* Images.xcassets in Resources */,
			);
			runOnlyForDeploymentPostprocessing = 0;
		};
		A2D2F5D21A3C505F00AD7B5E /* Resources */ = {
			isa = PBXResourcesBuildPhase;
			buildActionMask = 2147483647;
			files = (
			);
			runOnlyForDeploymentPostprocessing = 0;
		};
/* End PBXResourcesBuildPhase section */

/* Begin PBXSourcesBuildPhase section */
		A2D2F5B11A3C505F00AD7B5E /* Sources */ = {
			isa = PBXSourcesBuildPhase;
			buildActionMask = 2147483647;
			files = (
				A2D2F5C71A3C505F00AD7B5E /* DetailViewController.m in Sources */,
				A2D2F5C41A3C505F00AD7B5E /* MasterViewController.m in Sources */,
				A2D2F5BE1A3C505F00AD7B5E /* AppDelegate.m in Sources */,
				A2D2F5BB1A3C505F00AD7B5E /* main.m in Sources */,
				A2D2F5C11A3C505F00AD7B5E /* EarthquakeMonitor.xcdatamodeld in Sources */,
			);
			runOnlyForDeploymentPostprocessing = 0;
		};
		A2D2F5D01A3C505F00AD7B5E /* Sources */ = {
			isa = PBXSourcesBuildPhase;
			buildActionMask = 2147483647;
			files = (
				A2D2F5DB1A3C505F00AD7B5E /* EarthquakeMonitorTests.m in Sources */,
			);
			runOnlyForDeploymentPostprocessing = 0;
		};
/* End PBXSourcesBuildPhase section */

/* Begin PBXTargetDependency section */
		A2D2F5D61A3C505F00AD7B5E /* PBXTargetDependency */ = {
			isa = PBXTargetDependency;
			target = A2D2F5B41A3C505F00AD7B5E /* EarthquakeMonitor */;
			targetProxy = A2D2F5D51A3C505F00AD7B5E /* PBXContainerItemProxy */;
		};
/* End PBXTargetDependency section */

/* Begin PBXVariantGroup section */
		A2D2F5C81A3C505F00AD7B5E /* Main.storyboard */ = {
			isa = PBXVariantGroup;
			children = (
				A2D2F5C91A3C505F00AD7B5E /* Base */,
			);
			name = Main.storyboard;
			sourceTree = "<group>";
		};
		A2D2F5CD1A3C505F00AD7B5E /* LaunchScreen.xib */ = {
			isa = PBXVariantGroup;
			children = (
				A2D2F5CE1A3C505F00AD7B5E /* Base */,
			);
			name = LaunchScreen.xib;
			sourceTree = "<group>";
		};
/* End PBXVariantGroup section */

/* Begin XCBuildConfiguration section */
		A2D2F5DC1A3C505F00AD7B5E /* Debug */ = {
			isa = XCBuildConfiguration;
			buildSettings = {
				ALWAYS_SEARCH_USER_PATHS = NO;
				CLANG_CXX_LANGUAGE_STANDARD = "gnu++0x";
				CLANG_CXX_LIBRARY = "libc++";
				CLANG_ENABLE_MODULES = YES;
				CLANG_ENABLE_OBJC_ARC = YES;
				CLANG_WARN_BOOL_CONVERSION = YES;
				CLANG_WARN_CONSTANT_CONVERSION = YES;
				CLANG_WARN_DIRECT_OBJC_ISA_USAGE = YES_ERROR;
				CLANG_WARN_EMPTY_BODY = YES;
				CLANG_WARN_ENUM_CONVERSION = YES;
				CLANG_WARN_INT_CONVERSION = YES;
				CLANG_WARN_OBJC_ROOT_CLASS = YES_ERROR;
				CLANG_WARN_UNREACHABLE_CODE = YES;
				CLANG_WARN__DUPLICATE_METHOD_MATCH = YES;
				"CODE_SIGN_IDENTITY[sdk=iphoneos*]" = "iPhone Developer";
				COPY_PHASE_STRIP = NO;
				ENABLE_STRICT_OBJC_MSGSEND = YES;
				GCC_C_LANGUAGE_STANDARD = gnu99;
				GCC_DYNAMIC_NO_PIC = NO;
				GCC_OPTIMIZATION_LEVEL = 0;
				GCC_PREPROCESSOR_DEFINITIONS = (
					"DEBUG=1",
					"$(inherited)",
				);
				GCC_SYMBOLS_PRIVATE_EXTERN = NO;
				GCC_WARN_64_TO_32_BIT_CONVERSION = YES;
				GCC_WARN_ABOUT_RETURN_TYPE = YES_ERROR;
				GCC_WARN_UNDECLARED_SELECTOR = YES;
				GCC_WARN_UNINITIALIZED_AUTOS = YES_AGGRESSIVE;
				GCC_WARN_UNUSED_FUNCTION = YES;
				GCC_WARN_UNUSED_VARIABLE = YES;
				IPHONEOS_DEPLOYMENT_TARGET = 8.1;
				MTL_ENABLE_DEBUG_INFO = YES;
				ONLY_ACTIVE_ARCH = YES;
				SDKROOT = iphoneos;
			};
			name = Debug;
		};
		A2D2F5DD1A3C505F00AD7B5E /* Release */ = {
			isa = XCBuildConfiguration;
			buildSettings = {
				ALWAYS_SEARCH_USER_PATHS = NO;
				CLANG_CXX_LANGUAGE_STANDARD = "gnu++0x";
				CLANG_CXX_LIBRARY = "libc++";
				CLANG_ENABLE_MODULES = YES;
				CLANG_ENABLE_OBJC_ARC = YES;
				CLANG_WARN_BOOL_CONVERSION = YES;
				CLANG_WARN_CONSTANT_CONVERSION = YES;
				CLANG_WARN_DIRECT_OBJC_ISA_USAGE = YES_ERROR;
				CLANG_WARN_EMPTY_BODY = YES;
				CLANG_WARN_ENUM_CONVERSION = YES;
				CLANG_WARN_INT_CONVERSION = YES;
				CLANG_WARN_OBJC_ROOT_CLASS = YES_ERROR;
				CLANG_WARN_UNREACHABLE_CODE = YES;
				CLANG_WARN__DUPLICATE_METHOD_MATCH = YES;
				"CODE_SIGN_IDENTITY[sdk=iphoneos*]" = "iPhone Developer";
				COPY_PHASE_STRIP = YES;
				ENABLE_NS_ASSERTIONS = NO;
				ENABLE_STRICT_OBJC_MSGSEND = YES;
				GCC_C_LANGUAGE_STANDARD = gnu99;
				GCC_WARN_64_TO_32_BIT_CONVERSION = YES;
				GCC_WARN_ABOUT_RETURN_TYPE = YES_ERROR;
				GCC_WARN_UNDECLARED_SELECTOR = YES;
				GCC_WARN_UNINITIALIZED_AUTOS = YES_AGGRESSIVE;
				GCC_WARN_UNUSED_FUNCTION = YES;
				GCC_WARN_UNUSED_VARIABLE = YES;
				IPHONEOS_DEPLOYMENT_TARGET = 8.1;
				MTL_ENABLE_DEBUG_INFO = NO;
				SDKROOT = iphoneos;
				VALIDATE_PRODUCT = YES;
			};
			name = Release;
		};
		A2D2F5DF1A3C505F00AD7B5E /* Debug */ = {
			isa = XCBuildConfiguration;
			buildSettings = {
				ASSETCATALOG_COMPILER_APPICON_NAME = AppIcon;
				INFOPLIST_FILE = EarthquakeMonitor/Info.plist;
				LD_RUNPATH_SEARCH_PATHS = "$(inherited) @executable_path/Frameworks";
				PRODUCT_NAME = "$(TARGET_NAME)";
			};
			name = Debug;
		};
		A2D2F5E01A3C505F00AD7B5E /* Release */ = {
			isa = XCBuildConfiguration;
			buildSettings = {
				ASSETCATALOG_COMPILER_APPICON_NAME = AppIcon;
				INFOPLIST_FILE = EarthquakeMonitor/Info.plist;
				LD_RUNPATH_SEARCH_PATHS = "$(inherited) @executable_path/Frameworks";
				PRODUCT_NAME = "$(TARGET_NAME)";
			};
			name = Release;
		};
		A2D2F5E21A3C505F00AD7B5E /* Debug */ = {
			isa = XCBuildConfiguration;
			buildSettings = {
				BUNDLE_LOADER = "$(TEST_HOST)";
				FRAMEWORK_SEARCH_PATHS = (
					"$(SDKROOT)/Developer/Library/Frameworks",
					"$(inherited)",
				);
				GCC_PREPROCESSOR_DEFINITIONS = (
					"DEBUG=1",
					"$(inherited)",
				);
				INFOPLIST_FILE = EarthquakeMonitorTests/Info.plist;
				LD_RUNPATH_SEARCH_PATHS = "$(inherited) @executable_path/Frameworks @loader_path/Frameworks";
				PRODUCT_NAME = "$(TARGET_NAME)";
				TEST_HOST = "$(BUILT_PRODUCTS_DIR)/EarthquakeMonitor.app/EarthquakeMonitor";
			};
			name = Debug;
		};
		A2D2F5E31A3C505F00AD7B5E /* Release */ = {
			isa = XCBuildConfiguration;
			buildSettings = {
				BUNDLE_LOADER = "$(TEST_HOST)";
				FRAMEWORK_SEARCH_PATHS = (
					"$(SDKROOT)/Developer/Library/Frameworks",
					"$(inherited)",
				);
				INFOPLIST_FILE = EarthquakeMonitorTests/Info.plist;
				LD_RUNPATH_SEARCH_PATHS = "$(inherited) @executable_path/Frameworks @loader_path/Frameworks";
				PRODUCT_NAME = "$(TARGET_NAME)";
				TEST_HOST = "$(BUILT_PRODUCTS_DIR)/EarthquakeMonitor.app/EarthquakeMonitor";
			};
			name = Release;
		};
/* End XCBuildConfiguration section */

/* Begin XCConfigurationList section */
		A2D2F5B01A3C505E00AD7B5E /* Build configuration list for PBXProject "EarthquakeMonitor" */ = {
			isa = XCConfigurationList;
			buildConfigurations = (
				A2D2F5DC1A3C505F00AD7B5E /* Debug */,
				A2D2F5DD1A3C505F00AD7B5E /* Release */,
			);
			defaultConfigurationIsVisible = 0;
			defaultConfigurationName = Release;
		};
		A2D2F5DE1A3C505F00AD7B5E /* Build configuration list for PBXNativeTarget "EarthquakeMonitor" */ = {
			isa = XCConfigurationList;
			buildConfigurations = (
				A2D2F5DF1A3C505F00AD7B5E /* Debug */,
				A2D2F5E01A3C505F00AD7B5E /* Release */,
			);
			defaultConfigurationIsVisible = 0;
		};
		A2D2F5E11A3C505F00AD7B5E /* Build configuration list for PBXNativeTarget "EarthquakeMonitorTests" */ = {
			isa = XCConfigurationList;
			buildConfigurations = (
				A2D2F5E21A3C505F00AD7B5E /* Debug */,
				A2D2F5E31A3C505F00AD7B5E /* Release */,
			);
			defaultConfigurationIsVisible = 0;
		};
/* End XCConfigurationList section */

/* Begin XCVersionGroup section */
		A2D2F5BF1A3C505F00AD7B5E /* EarthquakeMonitor.xcdatamodeld */ = {
			isa = XCVersionGroup;
			children = (
				A2D2F5C01A3C505F00AD7B5E /* EarthquakeMonitor.xcdatamodel */,
			);
			currentVersion = A2D2F5C01A3C505F00AD7B5E /* EarthquakeMonitor.xcdatamodel */;
			path = EarthquakeMonitor.xcdatamodeld;
			sourceTree = "<group>";
			versionGroupType = wrapper.xcdatamodel;
		};
/* End XCVersionGroup section */
	};
	rootObject = A2D2F5AD1A3C505E00AD7B5E /* Project object */;
}
